<?xml version="1.0" encoding="utf-8"?>
<Project ToolsVersion="4.0" xmlns="http://schemas.microsoft.com/developer/msbuild/2003">
  <ItemGroup>
    <Filter Include="Source Files">
      <UniqueIdentifier>{4FC737F1-C7A5-4376-A066-2A32D752A2FF}</UniqueIdentifier>
      <Extensions>cpp;c;cc;cxx;def;odl;idl;hpj;bat;asm;asmx</Extensions>
    </Filter>
    <Filter Include="Source Files\scanners">
      <UniqueIdentifier>{fc0d53b8-d949-40c4-a6a8-a8aa856ca550}</UniqueIdentifier>
    </Filter>
    <Filter Include="Source Files\newscanners">
      <UniqueIdentifier>{3d163dbd-a1e0-4600-91eb-2e6347928d03}</UniqueIdentifier>
    </Filter>
    <Filter Include="Source Files\rewritten">
      <UniqueIdentifier>{d5f248c5-8d00-4d89-8124-a9a8376b85e7}</UniqueIdentifier>
    </Filter>
    <Filter Include="Header Files">
      <UniqueIdentifier>{93995380-89BD-4b04-88EB-625FBE52EBFB}</UniqueIdentifier>
      <Extensions>h;hpp;hxx;hm;inl;inc;xsd</Extensions>
    </Filter>
    <Filter Include="Resource Files">
      <UniqueIdentifier>{67DA6AB6-F800-4c08-8B7A-83BB121AAD01}</UniqueIdentifier>
      <Extensions>rc;ico;cur;bmp;dlg;rc2;rct;bin;rgs;gif;jpg;jpeg;jpe;resx;tiff;tif;png;wav</Extensions>
    </Filter>
  </ItemGroup>
  <ItemGroup>
    <ClCompile Include="..\..\src\batchscan.c">
      <Filter>Source Files</Filter>
    </ClCompile>
    <ClCompile Include="..\..\src\clean.c">
      <Filter>Source Files</Filter>
    </ClCompile>
    <ClCompile Include="..\..\src\crc32.c">
      <Filter>Source Files</Filter>
    </ClCompile>
    <ClCompile Include="..\..\src\database.c">
      <Filter>Source Files</Filter>
    </ClCompile>
    <ClCompile Include="..\..\src\dc2nconv.c">
      <Filter>Source Files</Filter>
    </ClCompile>
    <ClCompile Include="..\..\src\filesearch.c">
      <Filter>Source Files</Filter>
    </ClCompile>
    <ClCompile Include="..\..\src\loader_id.c">
      <Filter>Source Files</Filter>
    </ClCompile>
    <ClCompile Include="..\..\src\main.c">
      <Filter>Source Files</Filter>
    </ClCompile>
    <ClCompile Include="..\..\src\persistence.c">
      <Filter>Source Files</Filter>
    </ClCompile>
    <ClCompile Include="..\..\src\skewadapt.c">
      <Filter>Source Files</Filter>
    </ClCompile>
    <ClCompile Include="..\..\src\tap2audio.c">
      <Filter>Source Files</Filter>
    </ClCompile>
    <ClCompile Include="..\..\src\scanners\aliensyndrome.c">
      <Filter>Source Files\scanners</Filter>
    </ClCompile>
    <ClCompile Include="..\..\src\scanners\alternativewg.c">
      <Filter>Source Files\scanners</Filter>
    </ClCompile>
    <ClCompile Include="..\..\src\scanners\audiogenic.c">
      <Filter>Source Files\scanners</Filter>
    </ClCompile>
    <ClCompile Include="..\..\src\scanners\c64tape.c">
      <Filter>Source Files\scanners</Filter>
    </ClCompile>
    <ClCompile Include="..\..\src\scanners\cyberload_f1.c">
      <Filter>Source Files\scanners</Filter>
    </ClCompile>
    <ClCompile Include="..\..\src\scanners\cyberload_f2.c">
      <Filter>Source Files\scanners</Filter>
    </ClCompile>
    <ClCompile Include="..\..\src\scanners\cyberload_f3.c">
      <Filter>Source Files\scanners</Filter>
    </ClCompile>
    <ClCompile Include="..\..\src\scanners\cyberload_f4.c">
      <Filter>Source Files\scanners</Filter>
    </ClCompile>
    <ClCompile Include="..\..\src\scanners\firebird.c">
      <Filter>Source Files\scanners</Filter>
    </ClCompile>
    <ClCompile Include="..\..\src\scanners\hitload.c">
      <Filter>Source Files\scanners</Filter>
    </ClCompile>
    <ClCompile Include="..\..\src\scanners\ikloader.c">
      <Filter>Source Files\scanners</Filter>
    </ClCompile>
    <ClCompile Include="..\..\src\scanners\jetload.c">
      <Filter>Source Files\scanners</Filter>
    </ClCompile>
    <ClCompile Include="..\..\src\scanners\microload.c">
      <Filter>Source Files\scanners</Filter>
    </ClCompile>
    <ClCompile Include="..\..\src\scanners\nova_f1.c">
      <Filter>Source Files\scanners</Filter>
    </ClCompile>
    <ClCompile Include="..\..\src\scanners\nova_f2.c">
      <Filter>Source Files\scanners</Filter>
    </ClCompile>
    <ClCompile Include="..\..\src\scanners\ocean.c">
      <Filter>Source Files\scanners</Filter>
    </ClCompile>
    <ClCompile Include="..\..\src\scanners\oceannew2.c">
      <Filter>Source Files\scanners</Filter>
    </ClCompile>
    <ClCompile Include="..\..\src\scanners\palace_f1.c">
      <Filter>Source Files\scanners</Filter>
    </ClCompile>
    <ClCompile Include="..\..\src\scanners\palace_f2.c">
      <Filter>Source Files\scanners</Filter>
    </ClCompile>
    <ClCompile Include="..\..\src\scanners\pause.c">
      <Filter>Source Files\scanners</Filter>
    </ClCompile>
    <ClCompile Include="..\..\src\scanners\pavloda.c">
      <Filter>Source Files\scanners</Filter>
    </ClCompile>
    <ClCompile Include="..\..\src\scanners\rasterload.c">
      <Filter>Source Files\scanners</Filter>
    </ClCompile>
    <ClCompile Include="..\..\src\scanners\seuck.c">
      <Filter>Source Files\scanners</Filter>
    </ClCompile>
    <ClCompile Include="..\..\src\scanners\snakeload51.c">
      <Filter>Source Files\scanners</Filter>
    </ClCompile>
    <ClCompile Include="..\..\src\scanners\superpav.c">
      <Filter>Source Files\scanners</Filter>
    </ClCompile>
    <ClCompile Include="..\..\src\scanners\supertape.c">
      <Filter>Source Files\scanners</Filter>
    </ClCompile>
    <ClCompile Include="..\..\src\scanners\tdi.c">
      <Filter>Source Files\scanners</Filter>
    </ClCompile>
    <ClCompile Include="..\..\src\scanners\turbotape.c">
      <Filter>Source Files\scanners</Filter>
    </ClCompile>
    <ClCompile Include="..\..\src\scanners\usgold.c">
      <Filter>Source Files\scanners</Filter>
    </ClCompile>
    <ClCompile Include="..\..\src\scanners\visiload.c">
      <Filter>Source Files\scanners</Filter>
    </ClCompile>
    <ClCompile Include="..\..\src\scanners\accolade.c">
      <Filter>Source Files\newscanners</Filter>
    </ClCompile>
    <ClCompile Include="..\..\src\scanners\actionreplay.c">
      <Filter>Source Files\newscanners</Filter>
    </ClCompile>
    <ClCompile Include="..\..\src\scanners\alternativedk.c">
      <Filter>Source Files\newscanners</Filter>
    </ClCompile>
    <ClCompile Include="..\..\src\scanners\amaction.c">
      <Filter>Source Files\newscanners</Filter>
    </ClCompile>
    <ClCompile Include="..\..\src\scanners\ashdave.c">
      <Filter>Source Files\newscanners</Filter>
    </ClCompile>
    <ClCompile Include="..\..\src\scanners\biturbo.c">
      <Filter>Source Files\newscanners</Filter>
    </ClCompile>
    <ClCompile Include="..\..\src\scanners\burner_var.c">
      <Filter>Source Files\newscanners</Filter>
    </ClCompile>
    <ClCompile Include="..\..\src\scanners\chuckie_egg.c">
      <Filter>Source Files\newscanners</Filter>
    </ClCompile>
    <ClCompile Include="..\..\src\scanners\creativesparks.c">
      <Filter>Source Files\newscanners</Filter>
    </ClCompile>
    <ClCompile Include="..\..\src\scanners\creatures.c">
      <Filter>Source Files\newscanners</Filter>
    </ClCompile>
    <ClCompile Include="..\..\src\scanners\ddesign.c">
      <Filter>Source Files\newscanners</Filter>
    </ClCompile>
    <ClCompile Include="..\..\src\scanners\easytape.c">
      <Filter>Source Files\newscanners</Filter>
    </ClCompile>
    <ClCompile Include="..\..\src\scanners\fftape.c">
      <Filter>Source Files\newscanners</Filter>
    </ClCompile>
    <ClCompile Include="..\..\src\scanners\freeslow.c">
      <Filter>Source Files\newscanners</Filter>
    </ClCompile>
    <ClCompile Include="..\..\src\scanners\glass.c">
      <Filter>Source Files\newscanners</Filter>
    </ClCompile>
    <ClCompile Include="..\..\src\scanners\goforgold.c">
      <Filter>Source Files\newscanners</Filter>
    </ClCompile>
    <ClCompile Include="..\..\src\scanners\graphicadventurecreator.c">
      <Filter>Source Files\newscanners</Filter>
    </ClCompile>
    <ClCompile Include="..\..\src\scanners\gremlin_f1.c">
      <Filter>Source Files\newscanners</Filter>
    </ClCompile>
    <ClCompile Include="..\..\src\scanners\gremlin_f2.c">
      <Filter>Source Files\newscanners</Filter>
    </ClCompile>
    <ClCompile Include="..\..\src\scanners\gremlin_gbh.c">
      <Filter>Source Files\newscanners</Filter>
    </ClCompile>
    <ClCompile Include="..\..\src\scanners\jiffyload.c">
      <Filter>Source Files\newscanners</Filter>
    </ClCompile>
    <ClCompile Include="..\..\src\scanners\lexpeed.c">
      <Filter>Source Files\newscanners</Filter>
    </ClCompile>
    <ClCompile Include="..\..\src\scanners\lk_avalon.c">
      <Filter>Source Files\newscanners</Filter>
    </ClCompile>
    <ClCompile Include="..\..\src\scanners\microload_var.c">
      <Filter>Source Files\newscanners</Filter>
    </ClCompile>
    <ClCompile Include="..\..\src\scanners\mms.c">
      <Filter>Source Files\newscanners</Filter>
    </ClCompile>
    <ClCompile Include="..\..\src\scanners\msx.c">
      <Filter>Source Files\newscanners</Filter>
    </ClCompile>
    <ClCompile Include="..\..\src\scanners\oceannew3.c">
      <Filter>Source Files\newscanners</Filter>
    </ClCompile>
    <ClCompile Include="..\..\src\scanners\oceannew4.c">
      <Filter>Source Files\newscanners</Filter>
    </ClCompile>
    <ClCompile Include="..\..\src\scanners\odeload.c">
      <Filter>Source Files\newscanners</Filter>
    </ClCompile>
    <ClCompile Include="..\..\src\scanners\powerload.c">
      <Filter>Source Files\newscanners</Filter>
    </ClCompile>
    <ClCompile Include="..\..\src\scanners\rainbowarts_f1.c">
      <Filter>Source Files\newscanners</Filter>
    </ClCompile>
    <ClCompile Include="..\..\src\scanners\rainbowarts_f2.c">
      <Filter>Source Files\newscanners</Filter>
    </ClCompile>
    <ClCompile Include="..\..\src\scanners\rainbowislands.c">
      <Filter>Source Files\newscanners</Filter>
    </ClCompile>
    <ClCompile Include="..\..\src\scanners\t108DE0A5.c">
      <Filter>Source Files\newscanners</Filter>
    </ClCompile>
    <ClCompile Include="..\..\src\scanners\tdi_f2.c">
      <Filter>Source Files\newscanners</Filter>
    </ClCompile>
    <ClCompile Include="..\..\src\scanners\tequila.c">
      <Filter>Source Files\newscanners</Filter>
    </ClCompile>
    <ClCompile Include="..\..\src\scanners\tes.c">
      <Filter>Source Files\newscanners</Filter>
    </ClCompile>
    <ClCompile Include="..\..\src\scanners\trilogic.c">
      <Filter>Source Files\newscanners</Filter>
    </ClCompile>
    <ClCompile Include="..\..\src\scanners\turbo220.c">
      <Filter>Source Files\newscanners</Filter>
    </ClCompile>
    <ClCompile Include="..\..\src\scanners\turbotape_263.c">
      <Filter>Source Files\newscanners</Filter>
    </ClCompile>
    <ClCompile Include="..\..\src\scanners\turbotape_526.c">
      <Filter>Source Files\newscanners</Filter>
    </ClCompile>
    <ClCompile Include="..\..\src\scanners\aces.c">
      <Filter>Source Files\rewritten</Filter>
    </ClCompile>
    <ClCompile Include="..\..\src\scanners\anirog.c">
      <Filter>Source Files\rewritten</Filter>
    </ClCompile>
    <ClCompile Include="..\..\src\scanners\atlantis.c">
      <Filter>Source Files\rewritten</Filter>
    </ClCompile>
    <ClCompile Include="..\..\src\scanners\bleep_f1.c">
      <Filter>Source Files\rewritten</Filter>
    </ClCompile>
    <ClCompile Include="..\..\src\scanners\bleep_f2.c">
      <Filter>Source Files\rewritten</Filter>
    </ClCompile>
    <ClCompile Include="..\..\src\scanners\burner.c">
      <Filter>Source Files\rewritten</Filter>
    </ClCompile>
    <ClCompile Include="..\..\src\scanners\megasave.c">
      <Filter>Source Files\rewritten</Filter>
    </ClCompile>
    <ClCompile Include="..\..\src\scanners\enigma.c">
      <Filter>Source Files\rewritten</Filter>
    </ClCompile>
    <ClCompile Include="..\..\src\scanners\flashload.c">
      <Filter>Source Files\rewritten</Filter>
    </ClCompile>
    <ClCompile Include="..\..\src\scanners\freeload.c">
      <Filter>Source Files\rewritten</Filter>
    </ClCompile>
    <ClCompile Include="..\..\src\scanners\freezemachine.c">
      <Filter>Source Files\rewritten</Filter>
    </ClCompile>
    <ClCompile Include="..\..\src\scanners\hitec.c">
      <Filter>Source Files\rewritten</Filter>
    </ClCompile>
    <ClCompile Include="..\..\src\scanners\oceannew1.c">
      <Filter>Source Files\rewritten</Filter>
    </ClCompile>
    <ClCompile Include="..\..\src\scanners\rackit.c">
      <Filter>Source Files\rewritten</Filter>
    </ClCompile>
    <ClCompile Include="..\..\src\scanners\snakeload50.c">
      <Filter>Source Files\rewritten</Filter>
    </ClCompile>
    <ClCompile Include="..\..\src\scanners\turrican.c">
      <Filter>Source Files\rewritten</Filter>
    </ClCompile>
    <ClCompile Include="..\..\src\scanners\virgin.c">
      <Filter>Source Files\rewritten</Filter>
    </ClCompile>
    <ClCompile Include="..\..\src\scanners\wildload.c">
      <Filter>Source Files\rewritten</Filter>
    </ClCompile>
  </ItemGroup>
  <ItemGroup>
    <ClInclude Include="..\..\src\scanners\_scanners.h">
      <Filter>Header Files</Filter>
    </ClInclude>
    <ClInclude Include="..\..\src\crc32.h">
      <Filter>Header Files</Filter>
    </ClInclude>
    <ClInclude Include="..\..\src\database.h">
      <Filter>Header Files</Filter>
    </ClInclude>
    <ClInclude Include="..\..\src\dc2nconv.h">
      <Filter>Header Files</Filter>
    </ClInclude>
    <ClInclude Include="..\..\src\filesearch.h">
      <Filter>Header Files</Filter>
    </ClInclude>
    <ClInclude Include="..\..\src\main.h">
      <Filter>Header Files</Filter>
    </ClInclude>
    <ClInclude Include="..\..\src\mydefs.h">
      <Filter>Header Files</Filter>
    </ClInclude>
    <ClInclude Include="..\..\src\persistence.h">
      <Filter>Header Files</Filter>
    </ClInclude>
    <ClInclude Include="..\..\src\skewadapt.h">
      <Filter>Header Files</Filter>
    </ClInclude>
    <ClInclude Include="..\..\src\tap2audio.h">
      <Filter>Header Files</Filter>
    </ClInclude>
  </ItemGroup>
</Project>