
Microsoft Visual Studio Solution File, Format Version 12.00
# Visual Studio Version 17
VisualStudioVersion = 17.8.34330.188
MinimumVisualStudioVersion = 10.0.40219.1
Project("{8BC9CEB8-8B4A-11D0-8D11-00A0C91BC942}") = "tapclean", "tapclean.vcxproj", "{2A726374-46BC-427C-B1EA-882B4C95389B}"
EndProject
Global
	GlobalSection(SolutionConfigurationPlatforms) = preSolution
		Debug|Win32 = Debug|Win32
		Debug|x64 = Debug|x64
		Release|Win32 = Release|Win32
		Release|x64 = Release|x64
	EndGlobalSection
	GlobalSection(ProjectConfigurationPlatforms) = postSolution
		{2A726374-46BC-427C-B1EA-882B4C95389B}.Debug|Win32.ActiveCfg = Debug|Win32
		{2A726374-46BC-427C-B1EA-882B4C95389B}.Debug|Win32.Build.0 = Debug|Win32
		{2A726374-46BC-427C-B1EA-882B4C95389B}.Debug|x64.ActiveCfg = Debug|x64
		{2A726374-46BC-427C-B1EA-882B4C95389B}.Debug|x64.Build.0 = Debug|x64
		{2A726374-46BC-427C-B1EA-882B4C95389B}.Release|Win32.ActiveCfg = Release|Win32
		{2A726374-46BC-427C-B1EA-882B4C95389B}.Release|Win32.Build.0 = Release|Win32
		{2A726374-46BC-427C-B1EA-882B4C95389B}.Release|x64.ActiveCfg = Release|x64
		{2A726374-46BC-427C-B1EA-882B4C95389B}.Release|x64.Build.0 = Release|x64
	EndGlobalSection
	GlobalSection(SolutionProperties) = preSolution
		HideSolutionNode = FALSE
	EndGlobalSection
	GlobalSection(ExtensibilityGlobals) = postSolution
		SolutionGuid = {CB6B0779-28F6-400F-9FE6-874DFA86D3B0}
	EndGlobalSection
EndGlobal
